lockfileVersion: 5.4

importers:

  .:
    specifiers:
      '@nabla/tnode': ^0.8.0
      '@playwright/test': ^1.28.1
      '@swc/core': ^1.3.21
      '@types/fs-extra': ^9.0.13
      '@types/node': ^18.11.10
      esbuild: ^0.16.3
      fs-extra: ^11.1.0
      prettier: ^2.8.0
      typescript: ^4.9.3
      vite: ^4.0.0
    dependencies:
      '@swc/core': 1.3.21
    devDependencies:
      '@nabla/tnode': 0.8.0
      '@playwright/test': 1.28.1
      '@types/fs-extra': 9.0.13
      '@types/node': 18.11.10
      esbuild: 0.16.3
      fs-extra: 11.1.0
      prettier: 2.8.0
      typescript: 4.9.3
      vite: 4.0.0_@types+node@18.11.10

  playground:
    specifiers:
      '@types/react': ^18.0.26
      '@types/react-dom': ^18.0.9
      '@vitejs/plugin-react-swc': ../dist
      react: ^18.2.0
      react-dom: ^18.2.0
    dependencies:
      react: 18.2.0
      react-dom: 18.2.0_react@18.2.0
    devDependencies:
      '@types/react': 18.0.26
      '@types/react-dom': 18.0.9
      '@vitejs/plugin-react-swc': link:../dist

packages:

  /@esbuild/android-arm/0.16.3:
    resolution: {integrity: sha512-mueuEoh+s1eRbSJqq9KNBQwI4QhQV6sRXIfTyLXSHGMpyew61rOK4qY21uKbXl1iBoMb0AdL1deWFCQVlN2qHA==}
    engines: {node: '>=12'}
    cpu: [arm]
    os: [android]
    requiresBuild: true
    dev: true
    optional: true

  /@esbuild/android-arm64/0.16.3:
    resolution: {integrity: sha512-RolFVeinkeraDvN/OoRf1F/lP0KUfGNb5jxy/vkIMeRRChkrX/HTYN6TYZosRJs3a1+8wqpxAo5PI5hFmxyPRg==}
    engines: {node: '>=12'}
    cpu: [arm64]
    os: [android]
    requiresBuild: true
    dev: true
    optional: true

  /@esbuild/android-x64/0.16.3:
    resolution: {integrity: sha512-SFpTUcIT1bIJuCCBMCQWq1bL2gPTjWoLZdjmIhjdcQHaUfV41OQfho6Ici5uvvkMmZRXIUGpM3GxysP/EU7ifQ==}
    engines: {node: '>=12'}
    cpu: [x64]
    os: [android]
    requiresBuild: true
    dev: true
    optional: true

  /@esbuild/darwin-arm64/0.16.3:
    resolution: {integrity: sha512-DO8WykMyB+N9mIDfI/Hug70Dk1KipavlGAecxS3jDUwAbTpDXj0Lcwzw9svkhxfpCagDmpaTMgxWK8/C/XcXvw==}
    engines: {node: '>=12'}
    cpu: [arm64]
    os: [darwin]
    requiresBuild: true
    dev: true
    optional: true

  /@esbuild/darwin-x64/0.16.3:
    resolution: {integrity: sha512-uEqZQ2omc6BvWqdCiyZ5+XmxuHEi1SPzpVxXCSSV2+Sh7sbXbpeNhHIeFrIpRjAs0lI1FmA1iIOxFozKBhKgRQ==}
    engines: {node: '>=12'}
    cpu: [x64]
    os: [darwin]
    requiresBuild: true
    dev: true
    optional: true

  /@esbuild/freebsd-arm64/0.16.3:
    resolution: {integrity: sha512-nJansp3sSXakNkOD5i5mIz2Is/HjzIhFs49b1tjrPrpCmwgBmH9SSzhC/Z1UqlkivqMYkhfPwMw1dGFUuwmXhw==}
    engines: {node: '>=12'}
    cpu: [arm64]
    os: [freebsd]
    requiresBuild: true
    dev: true
    optional: true

  /@esbuild/freebsd-x64/0.16.3:
    resolution: {integrity: sha512-TfoDzLw+QHfc4a8aKtGSQ96Wa+6eimljjkq9HKR0rHlU83vw8aldMOUSJTUDxbcUdcgnJzPaX8/vGWm7vyV7ug==}
    engines: {node: '>=12'}
    cpu: [x64]
    os: [freebsd]
    requiresBuild: true
    dev: true
    optional: true

  /@esbuild/linux-arm/0.16.3:
    resolution: {integrity: sha512-VwswmSYwVAAq6LysV59Fyqk3UIjbhuc6wb3vEcJ7HEJUtFuLK9uXWuFoH1lulEbE4+5GjtHi3MHX+w1gNHdOWQ==}
    engines: {node: '>=12'}
    cpu: [arm]
    os: [linux]
    requiresBuild: true
    dev: true
    optional: true

  /@esbuild/linux-arm64/0.16.3:
    resolution: {integrity: sha512-7I3RlsnxEFCHVZNBLb2w7unamgZ5sVwO0/ikE2GaYvYuUQs9Qte/w7TqWcXHtCwxvZx/2+F97ndiUQAWs47ZfQ==}
    engines: {node: '>=12'}
    cpu: [arm64]
    os: [linux]
    requiresBuild: true
    dev: true
    optional: true

  /@esbuild/linux-ia32/0.16.3:
    resolution: {integrity: sha512-X8FDDxM9cqda2rJE+iblQhIMYY49LfvW4kaEjoFbTTQ4Go8G96Smj2w3BRTwA8IHGoi9dPOPGAX63dhuv19UqA==}
    engines: {node: '>=12'}
    cpu: [ia32]
    os: [linux]
    requiresBuild: true
    dev: true
    optional: true

  /@esbuild/linux-loong64/0.16.3:
    resolution: {integrity: sha512-hIbeejCOyO0X9ujfIIOKjBjNAs9XD/YdJ9JXAy1lHA+8UXuOqbFe4ErMCqMr8dhlMGBuvcQYGF7+kO7waj2KHw==}
    engines: {node: '>=12'}
    cpu: [loong64]
    os: [linux]
    requiresBuild: true
    dev: true
    optional: true

  /@esbuild/linux-mips64el/0.16.3:
    resolution: {integrity: sha512-znFRzICT/V8VZQMt6rjb21MtAVJv/3dmKRMlohlShrbVXdBuOdDrGb+C2cZGQAR8RFyRe7HS6klmHq103WpmVw==}
    engines: {node: '>=12'}
    cpu: [mips64el]
    os: [linux]
    requiresBuild: true
    dev: true
    optional: true

  /@esbuild/linux-ppc64/0.16.3:
    resolution: {integrity: sha512-EV7LuEybxhXrVTDpbqWF2yehYRNz5e5p+u3oQUS2+ZFpknyi1NXxr8URk4ykR8Efm7iu04//4sBg249yNOwy5Q==}
    engines: {node: '>=12'}
    cpu: [ppc64]
    os: [linux]
    requiresBuild: true
    dev: true
    optional: true

  /@esbuild/linux-riscv64/0.16.3:
    resolution: {integrity: sha512-uDxqFOcLzFIJ+r/pkTTSE9lsCEaV/Y6rMlQjUI9BkzASEChYL/aSQjZjchtEmdnVxDKETnUAmsaZ4pqK1eE5BQ==}
    engines: {node: '>=12'}
    cpu: [riscv64]
    os: [linux]
    requiresBuild: true
    dev: true
    optional: true

  /@esbuild/linux-s390x/0.16.3:
    resolution: {integrity: sha512-NbeREhzSxYwFhnCAQOQZmajsPYtX71Ufej3IQ8W2Gxskfz9DK58ENEju4SbpIj48VenktRASC52N5Fhyf/aliQ==}
    engines: {node: '>=12'}
    cpu: [s390x]
    os: [linux]
    requiresBuild: true
    dev: true
    optional: true

  /@esbuild/linux-x64/0.16.3:
    resolution: {integrity: sha512-SDiG0nCixYO9JgpehoKgScwic7vXXndfasjnD5DLbp1xltANzqZ425l7LSdHynt19UWOcDjG9wJJzSElsPvk0w==}
    engines: {node: '>=12'}
    cpu: [x64]
    os: [linux]
    requiresBuild: true
    dev: true
    optional: true

  /@esbuild/netbsd-x64/0.16.3:
    resolution: {integrity: sha512-AzbsJqiHEq1I/tUvOfAzCY15h4/7Ivp3ff/o1GpP16n48JMNAtbW0qui2WCgoIZArEHD0SUQ95gvR0oSO7ZbdA==}
    engines: {node: '>=12'}
    cpu: [x64]
    os: [netbsd]
    requiresBuild: true
    dev: true
    optional: true

  /@esbuild/openbsd-x64/0.16.3:
    resolution: {integrity: sha512-gSABi8qHl8k3Cbi/4toAzHiykuBuWLZs43JomTcXkjMZVkp0gj3gg9mO+9HJW/8GB5H89RX/V0QP4JGL7YEEVg==}
    engines: {node: '>=12'}
    cpu: [x64]
    os: [openbsd]
    requiresBuild: true
    dev: true
    optional: true

  /@esbuild/sunos-x64/0.16.3:
    resolution: {integrity: sha512-SF9Kch5Ete4reovvRO6yNjMxrvlfT0F0Flm+NPoUw5Z4Q3r1d23LFTgaLwm3Cp0iGbrU/MoUI+ZqwCv5XJijCw==}
    engines: {node: '>=12'}
    cpu: [x64]
    os: [sunos]
    requiresBuild: true
    dev: true
    optional: true

  /@esbuild/win32-arm64/0.16.3:
    resolution: {integrity: sha512-u5aBonZIyGopAZyOnoPAA6fGsDeHByZ9CnEzyML9NqntK6D/xl5jteZUKm/p6nD09+v3pTM6TuUIqSPcChk5gg==}
    engines: {node: '>=12'}
    cpu: [arm64]
    os: [win32]
    requiresBuild: true
    dev: true
    optional: true

  /@esbuild/win32-ia32/0.16.3:
    resolution: {integrity: sha512-GlgVq1WpvOEhNioh74TKelwla9KDuAaLZrdxuuUgsP2vayxeLgVc+rbpIv0IYF4+tlIzq2vRhofV+KGLD+37EQ==}
    engines: {node: '>=12'}
    cpu: [ia32]
    os: [win32]
    requiresBuild: true
    dev: true
    optional: true

  /@esbuild/win32-x64/0.16.3:
    resolution: {integrity: sha512-5/JuTd8OWW8UzEtyf19fbrtMJENza+C9JoPIkvItgTBQ1FO2ZLvjbPO6Xs54vk0s5JB5QsfieUEshRQfu7ZHow==}
    engines: {node: '>=12'}
    cpu: [x64]
    os: [win32]
    requiresBuild: true
    dev: true
    optional: true

  /@nabla/tnode/0.8.0:
    resolution: {integrity: sha512-ctFFbPPrFIVO/z4ZfUpoI7aGkxFcs3Q6h+jrXCoTBCws9riOxfNtPB+cUGURVP5VQ6d4wW6msfmU82w+q2DXYg==}
    hasBin: true
    dependencies:
      esbuild: 0.16.3
    dev: true

  /@playwright/test/1.28.1:
    resolution: {integrity: sha512-xN6spdqrNlwSn9KabIhqfZR7IWjPpFK1835tFNgjrlysaSezuX8PYUwaz38V/yI8TJLG9PkAMEXoHRXYXlpTPQ==}
    engines: {node: '>=14'}
    hasBin: true
    dependencies:
      '@types/node': 18.11.10
      playwright-core: 1.28.1
    dev: true

  /@swc/core-darwin-arm64/1.3.21:
    resolution: {integrity: sha512-5dBrJyrCzdHOQ9evS9NBJm2geKcXffIuAvSrnwbMHkfTpl+pOM7crry2tolydFXdOE/Jbx8yyahAIXPne1fTHw==}
    engines: {node: '>=10'}
    cpu: [arm64]
    os: [darwin]
    requiresBuild: true
    dev: false
    optional: true

  /@swc/core-darwin-x64/1.3.21:
    resolution: {integrity: sha512-CAtzfsRoVZr7DLKOOWPua6npFdj06wRuv1us275CY2QS3mg1bPl9BxA3c94q3mMcu5Bf06+dzUOjJSGrsBD7Ig==}
    engines: {node: '>=10'}
    cpu: [x64]
    os: [darwin]
    requiresBuild: true
    dev: false
    optional: true

  /@swc/core-linux-arm-gnueabihf/1.3.21:
    resolution: {integrity: sha512-oPO7oFr89pjDFlHJ2aZvzGR6hwy5nmQyeiuqpTgfn+RFFLLbipFawJe/2NBWyD35bxuguW6a3/w9I6edKTpLUw==}
    engines: {node: '>=10'}
    cpu: [arm]
    os: [linux]
    requiresBuild: true
    dev: false
    optional: true

  /@swc/core-linux-arm64-gnu/1.3.21:
    resolution: {integrity: sha512-cgPw35T8HO4gB/tvPJMwjJuNNpydmw6U5hkxZ+7jiE+qA8hN8a71i+BBfXeSzlo60t4c44+zK4t+gK7UacZg2w==}
    engines: {node: '>=10'}
    cpu: [arm64]
    os: [linux]
    requiresBuild: true
    dev: false
    optional: true

  /@swc/core-linux-arm64-musl/1.3.21:
    resolution: {integrity: sha512-kwH+HHtcakSqR3gF5QJ7N7SPs96ilFiXuauB02Ct3UflaGbVYVoeFYj/VEIJ+ZJvlvvOEDByOiLyrk2bw0bG7A==}
    engines: {node: '>=10'}
    cpu: [arm64]
    os: [linux]
    requiresBuild: true
    dev: false
    optional: true

  /@swc/core-linux-x64-gnu/1.3.21:
    resolution: {integrity: sha512-/kLQLNxwdX6kO2R751uUrxXZsAhOkA1EeQzAqj+5Y+bzt3hA5asH5evkY0w0Aj1zCofX4p4o/Q35mandUPxMlw==}
    engines: {node: '>=10'}
    cpu: [x64]
    os: [linux]
    requiresBuild: true
    dev: false
    optional: true

  /@swc/core-linux-x64-musl/1.3.21:
    resolution: {integrity: sha512-s+l3LqUzDli6rbmIPR3IfO23IOLYBVxk97CDdcJWrRTVtCwUKFhFVJVZyErveriqLXSGJhy5+UL+aOuxC4dk8g==}
    engines: {node: '>=10'}
    cpu: [x64]
    os: [linux]
    requiresBuild: true
    dev: false
    optional: true

  /@swc/core-win32-arm64-msvc/1.3.21:
    resolution: {integrity: sha512-59gWcdbZxvmyzh+J50yCCodKDYRUnMwNypzzfamF1Vusa4Np+IGMWEaE2KsZUq50OQIRo0PGHpBPMKVYkuGv8g==}
    engines: {node: '>=10'}
    cpu: [arm64]
    os: [win32]
    requiresBuild: true
    dev: false
    optional: true

  /@swc/core-win32-ia32-msvc/1.3.21:
    resolution: {integrity: sha512-3gH86ffVAiCmeRy+xSxR5iWSbKy4nUddo4PIahD1zwGJx6LC5ahC/I6EpL1pvoX3KdJKVioUBn0KDfPDUYfqJw==}
    engines: {node: '>=10'}
    cpu: [ia32]
    os: [win32]
    requiresBuild: true
    dev: false
    optional: true

  /@swc/core-win32-x64-msvc/1.3.21:
    resolution: {integrity: sha512-JKWLJdJ3oFc8fGBk4P6mGKhW8n+FmEjLLbsST+h94bZmelrSTeShBt3rr+pMMatFevlu/c9lM3OW2GHsZeZNkg==}
    engines: {node: '>=10'}
    cpu: [x64]
    os: [win32]
    requiresBuild: true
    dev: false
    optional: true

  /@swc/core/1.3.21:
    resolution: {integrity: sha512-RTmqkm5e5sb+Q+YbyqiE52xjvX+kcIVDgaSdSD7mNy2opgDfIdFMhExmB8UQStt3TLrlpAslWaFNWNmvaHP9rg==}
    engines: {node: '>=10'}
    hasBin: true
    requiresBuild: true
    optionalDependencies:
      '@swc/core-darwin-arm64': 1.3.21
      '@swc/core-darwin-x64': 1.3.21
      '@swc/core-linux-arm-gnueabihf': 1.3.21
      '@swc/core-linux-arm64-gnu': 1.3.21
      '@swc/core-linux-arm64-musl': 1.3.21
      '@swc/core-linux-x64-gnu': 1.3.21
      '@swc/core-linux-x64-musl': 1.3.21
      '@swc/core-win32-arm64-msvc': 1.3.21
      '@swc/core-win32-ia32-msvc': 1.3.21
      '@swc/core-win32-x64-msvc': 1.3.21
    dev: false

  /@types/fs-extra/9.0.13:
    resolution: {integrity: sha512-nEnwB++1u5lVDM2UI4c1+5R+FYaKfaAzS4OococimjVm3nQw3TuzH5UNsocrcTBbhnerblyHj4A49qXbIiZdpA==}
    dependencies:
      '@types/node': 18.11.10
    dev: true

  /@types/node/18.11.10:
    resolution: {integrity: sha512-juG3RWMBOqcOuXC643OAdSA525V44cVgGV6dUDuiFtss+8Fk5x1hI93Rsld43VeJVIeqlP9I7Fn9/qaVqoEAuQ==}
    dev: true

  /@types/prop-types/15.7.5:
    resolution: {integrity: sha512-JCB8C6SnDoQf0cNycqd/35A7MjcnK+ZTqE7judS6o7utxUCg6imJg3QK2qzHKszlTjcj2cn+NwMB2i96ubpj7w==}
    dev: true

  /@types/react-dom/18.0.9:
    resolution: {integrity: sha512-qnVvHxASt/H7i+XG1U1xMiY5t+IHcPGUK7TDMDzom08xa7e86eCeKOiLZezwCKVxJn6NEiiy2ekgX8aQssjIKg==}
    dependencies:
      '@types/react': 18.0.26
    dev: true

  /@types/react/18.0.26:
    resolution: {integrity: sha512-hCR3PJQsAIXyxhTNSiDFY//LhnMZWpNNr5etoCqx/iUfGc5gXWtQR2Phl908jVR6uPXacojQWTg4qRpkxTuGug==}
    dependencies:
      '@types/prop-types': 15.7.5
      '@types/scheduler': 0.16.2
      csstype: 3.1.1
    dev: true

  /@types/scheduler/0.16.2:
    resolution: {integrity: sha512-hppQEBDmlwhFAXKJX2KnWLYu5yMfi91yazPb2l+lbJiwW+wdo1gNeRA+3RgNSO39WYX2euey41KEwnqesU2Jew==}
    dev: true

  /csstype/3.1.1:
    resolution: {integrity: sha512-DJR/VvkAvSZW9bTouZue2sSxDwdTN92uHjqeKVm+0dAqdfNykRzQ95tay8aXMBAAPpUiq4Qcug2L7neoRh2Egw==}
    dev: true

  /esbuild/0.16.3:
    resolution: {integrity: sha512-71f7EjPWTiSguen8X/kxEpkAS7BFHwtQKisCDDV3Y4GLGWBaoSCyD5uXkaUew6JDzA9FEN1W23mdnSwW9kqCeg==}
    engines: {node: '>=12'}
    hasBin: true
    requiresBuild: true
    optionalDependencies:
      '@esbuild/android-arm': 0.16.3
      '@esbuild/android-arm64': 0.16.3
      '@esbuild/android-x64': 0.16.3
      '@esbuild/darwin-arm64': 0.16.3
      '@esbuild/darwin-x64': 0.16.3
      '@esbuild/freebsd-arm64': 0.16.3
      '@esbuild/freebsd-x64': 0.16.3
      '@esbuild/linux-arm': 0.16.3
      '@esbuild/linux-arm64': 0.16.3
      '@esbuild/linux-ia32': 0.16.3
      '@esbuild/linux-loong64': 0.16.3
      '@esbuild/linux-mips64el': 0.16.3
      '@esbuild/linux-ppc64': 0.16.3
      '@esbuild/linux-riscv64': 0.16.3
      '@esbuild/linux-s390x': 0.16.3
      '@esbuild/linux-x64': 0.16.3
      '@esbuild/netbsd-x64': 0.16.3
      '@esbuild/openbsd-x64': 0.16.3
      '@esbuild/sunos-x64': 0.16.3
      '@esbuild/win32-arm64': 0.16.3
      '@esbuild/win32-ia32': 0.16.3
      '@esbuild/win32-x64': 0.16.3
    dev: true

  /fs-extra/11.1.0:
    resolution: {integrity: sha512-0rcTq621PD5jM/e0a3EJoGC/1TC5ZBCERW82LQuwfGnCa1V8w7dpYH1yNu+SLb6E5dkeCBzKEyLGlFrnr+dUyw==}
    engines: {node: '>=14.14'}
    dependencies:
      graceful-fs: 4.2.10
      jsonfile: 6.1.0
      universalify: 2.0.0
    dev: true

  /fsevents/2.3.2:
    resolution: {integrity: sha512-xiqMQR4xAeHTuB9uWm+fFRcIOgKBMiOBP+eXiyT7jsgVCq1bkVygt00oASowB7EdtpOHaaPgKt812P9ab+DDKA==}
    engines: {node: ^8.16.0 || ^10.6.0 || >=11.0.0}
    os: [darwin]
    requiresBuild: true
    dev: true
    optional: true

  /function-bind/1.1.1:
    resolution: {integrity: sha512-yIovAzMX49sF8Yl58fSCWJ5svSLuaibPxXQJFLmBObTuCr0Mf1KiPopGM9NiFjiYBCbfaa2Fh6breQ6ANVTI0A==}
    dev: true

  /graceful-fs/4.2.10:
    resolution: {integrity: sha512-9ByhssR2fPVsNZj478qUUbKfmL0+t5BDVyjShtyZZLiK7ZDAArFFfopyOTj0M05wE2tJPisA4iTnnXl2YoPvOA==}
    dev: true

  /has/1.0.3:
    resolution: {integrity: sha512-f2dvO0VU6Oej7RkWJGrehjbzMAjFp5/VKPp5tTpWIV4JHHZK1/BxbFRtf/siA2SWTe09caDmVtYYzWEIbBS4zw==}
    engines: {node: '>= 0.4.0'}
    dependencies:
      function-bind: 1.1.1
    dev: true

  /is-core-module/2.11.0:
    resolution: {integrity: sha512-RRjxlvLDkD1YJwDbroBHMb+cukurkDWNyHx7D3oNB5x9rb5ogcksMC5wHCadcXoo67gVr/+3GFySh3134zi6rw==}
    dependencies:
      has: 1.0.3
    dev: true

  /js-tokens/4.0.0:
    resolution: {integrity: sha512-RdJUflcE3cUzKiMqQgsCu06FPu9UdIJO0beYbPhHN4k6apgJtifcoCtT9bcxOpYBtpD2kCM6Sbzg4CausW/PKQ==}
    dev: false

  /jsonfile/6.1.0:
    resolution: {integrity: sha512-5dgndWOriYSm5cnYaJNhalLNDKOqFwyDB/rr1E9ZsGciGvKPs8R2xYGCacuf3z6K1YKDz182fd+fY3cn3pMqXQ==}
    dependencies:
      universalify: 2.0.0
    optionalDependencies:
      graceful-fs: 4.2.10
    dev: true

  /loose-envify/1.4.0:
    resolution: {integrity: sha512-lyuxPGr/Wfhrlem2CL/UcnUc1zcqKAImBDzukY7Y5F/yQiNdko6+fRLevlw1HgMySw7f611UIY408EtxRSoK3Q==}
    hasBin: true
    dependencies:
      js-tokens: 4.0.0
    dev: false

  /nanoid/3.3.4:
    resolution: {integrity: sha512-MqBkQh/OHTS2egovRtLk45wEyNXwF+cokD+1YPf9u5VfJiRdAiRwB2froX5Co9Rh20xs4siNPm8naNotSD6RBw==}
    engines: {node: ^10 || ^12 || ^13.7 || ^14 || >=15.0.1}
    hasBin: true
    dev: true

  /path-parse/1.0.7:
    resolution: {integrity: sha512-LDJzPVEEEPR+y48z93A0Ed0yXb8pAByGWo/k5YYdYgpY2/2EsOsksJrq7lOHxryrVOn1ejG6oAp8ahvOIQD8sw==}
    dev: true

  /picocolors/1.0.0:
    resolution: {integrity: sha512-1fygroTLlHu66zi26VoTDv8yRgm0Fccecssto+MhsZ0D/DGW2sm8E8AjW7NU5VVTRt5GxbeZ5qBuJr+HyLYkjQ==}
    dev: true

  /playwright-core/1.28.1:
    resolution: {integrity: sha512-3PixLnGPno0E8rSBJjtwqTwJe3Yw72QwBBBxNoukIj3lEeBNXwbNiKrNuB1oyQgTBw5QHUhNO3SteEtHaMK6ag==}
    engines: {node: '>=14'}
    hasBin: true
    dev: true

  /postcss/8.4.19:
    resolution: {integrity: sha512-h+pbPsyhlYj6N2ozBmHhHrs9DzGmbaarbLvWipMRO7RLS+v4onj26MPFXA5OBYFxyqYhUJK456SwDcY9H2/zsA==}
    engines: {node: ^10 || ^12 || >=14}
    dependencies:
      nanoid: 3.3.4
      picocolors: 1.0.0
      source-map-js: 1.0.2
    dev: true

  /prettier/2.8.0:
    resolution: {integrity: sha512-9Lmg8hTFZKG0Asr/kW9Bp8tJjRVluO8EJQVfY2T7FMw9T5jy4I/Uvx0Rca/XWf50QQ1/SS48+6IJWnrb+2yemA==}
    engines: {node: '>=10.13.0'}
    hasBin: true
    dev: true

  /react-dom/18.2.0_react@18.2.0:
    resolution: {integrity: sha512-6IMTriUmvsjHUjNtEDudZfuDQUoWXVxKHhlEGSk81n4YFS+r/Kl99wXiwlVXtPBtJenozv2P+hxDsw9eA7Xo6g==}
    peerDependencies:
      react: ^18.2.0
    dependencies:
      loose-envify: 1.4.0
      react: 18.2.0
      scheduler: 0.23.0
    dev: false

  /react/18.2.0:
    resolution: {integrity: sha512-/3IjMdb2L9QbBdWiW5e3P2/npwMBaU9mHCSCUzNln0ZCYbcfTsGbTJrU/kGemdH2IWmB2ioZ+zkxtmq6g09fGQ==}
    engines: {node: '>=0.10.0'}
    dependencies:
      loose-envify: 1.4.0
    dev: false

  /resolve/1.22.1:
    resolution: {integrity: sha512-nBpuuYuY5jFsli/JIs1oldw6fOQCBioohqWZg/2hiaOybXOft4lonv85uDOKXdf8rhyK159cxU5cDcK/NKk8zw==}
    hasBin: true
    dependencies:
      is-core-module: 2.11.0
      path-parse: 1.0.7
      supports-preserve-symlinks-flag: 1.0.0
    dev: true

  /rollup/3.7.0:
    resolution: {integrity: sha512-FIJe0msW9P7L9BTfvaJyvn1U1BVCNTL3w8O+PKIrCyiMLg+rIUGb4MbcgVZ10Lnm1uWXOTOWRNARjfXC1+M12Q==}
    engines: {node: '>=14.18.0', npm: '>=8.0.0'}
    hasBin: true
    optionalDependencies:
      fsevents: 2.3.2
    dev: true

  /scheduler/0.23.0:
    resolution: {integrity: sha512-CtuThmgHNg7zIZWAXi3AsyIzA3n4xx7aNyjwC2VJldO2LMVDhFK+63xGqq6CsJH4rTAt6/M+N4GhZiDYPx9eUw==}
    dependencies:
      loose-envify: 1.4.0
    dev: false

  /source-map-js/1.0.2:
    resolution: {integrity: sha512-R0XvVJ9WusLiqTCEiGCmICCMplcCkIwwR11mOSD9CR5u+IXYdiseeEuXCVAjS54zqwkLcPNnmU4OeJ6tUrWhDw==}
    engines: {node: '>=0.10.0'}
    dev: true

  /supports-preserve-symlinks-flag/1.0.0:
    resolution: {integrity: sha512-ot0WnXS9fgdkgIcePe6RHNk1WA8+muPa6cSjeR3V8K27q9BB1rTE3R1p7Hv0z1ZyAc8s6Vvv8DIyWf681MAt0w==}
    engines: {node: '>= 0.4'}
    dev: true

  /typescript/4.9.3:
    resolution: {integrity: sha512-CIfGzTelbKNEnLpLdGFgdyKhG23CKdKgQPOBc+OUNrkJ2vr+KSzsSV5kq5iWhEQbok+quxgGzrAtGWCyU7tHnA==}
    engines: {node: '>=4.2.0'}
    hasBin: true
    dev: true

  /universalify/2.0.0:
    resolution: {integrity: sha512-hAZsKq7Yy11Zu1DE0OzWjw7nnLZmJZYTDZZyEFHZdUhV8FkH5MCfoU1XMaxXovpyW5nq5scPqq0ZDP9Zyl04oQ==}
    engines: {node: '>= 10.0.0'}
    dev: true

  /vite/4.0.0_@types+node@18.11.10:
    resolution: {integrity: sha512-ynad+4kYs8Jcnn8J7SacS9vAbk7eMy0xWg6E7bAhS1s79TK+D7tVFGXVZ55S7RNLRROU1rxoKlvZ/qjaB41DGA==}
    engines: {node: ^14.18.0 || >=16.0.0}
    hasBin: true
    peerDependencies:
      '@types/node': '>= 14'
      less: '*'
      sass: '*'
      stylus: '*'
      sugarss: '*'
      terser: ^5.4.0
    peerDependenciesMeta:
      '@types/node':
        optional: true
      less:
        optional: true
      sass:
        optional: true
      stylus:
        optional: true
      sugarss:
        optional: true
      terser:
        optional: true
    dependencies:
      '@types/node': 18.11.10
      esbuild: 0.16.3
      postcss: 8.4.19
      resolve: 1.22.1
      rollup: 3.7.0
    optionalDependencies:
      fsevents: 2.3.2
    dev: true
