# THIS IS AN AUTOGENERATED FILE. DO NOT EDIT THIS FILE DIRECTLY.
# yarn lockfile v1
# bun ./bun.lockb --hash: A824357C4C2A3638-fd419450e7317ccd-8E4E2B288463ED2B-e82f094fd6fe3cb8


"@esbuild/android-arm@0.15.12":
  version "0.15.12"
  resolved "https://registry.npmjs.org/@esbuild/android-arm/-/android-arm-0.15.12.tgz"
  integrity sha512-IC7TqIqiyE0MmvAhWkl/8AEzpOtbhRNDo7aph47We1NbE5w2bt/Q+giAhe0YYeVpYnIhGMcuZY92qDK6dQauvA==

"@esbuild/linux-loong64@0.15.12":
  version "0.15.12"
  resolved "https://registry.npmjs.org/@esbuild/linux-loong64/-/linux-loong64-0.15.12.tgz"
  integrity sha512-tZEowDjvU7O7I04GYvWQOS4yyP9E/7YlsB0jjw1Ycukgr2ycEzKyIk5tms5WnLBymaewc6VmRKnn5IJWgK4eFw==

"@nabla/tnode@^0.7.0":
  version "0.7.0"
  resolved "https://registry.npmjs.org/@nabla/tnode/-/tnode-0.7.0.tgz"
  integrity sha512-scPx/z8g/PubRdz4XX9OiZt6JJkIRdhu8+Oe6yG4Bgrfy0lS7x0P6KqO8hr62PcfR7hbw29J13T/ZYvOGmKqOA==
  dependencies:
    esbuild "^0.15.6"

"@swc/core@^1.3.10":
  version "1.3.11"
  resolved "https://registry.npmjs.org/@swc/core/-/core-1.3.11.tgz"
  integrity sha512-lnCnnnNCsnbrhW/gwkoN0sAeIqOyoHLS4ZB20xmPJjKVfvTnJrAcNnLSiwlYdcoUSFqT2GYZjUAG6usEzRQASA==
  dependencies:
    "@swc/core-win32-x64-msvc" "1.3.11"
    "@swc/core-darwin-x64" "1.3.11"
    "@swc/core-linux-x64-gnu" "1.3.11"
    "@swc/core-linux-x64-musl" "1.3.11"
    "@swc/core-freebsd-x64" "1.3.11"
    "@swc/core-win32-ia32-msvc" "1.3.11"
    "@swc/core-linux-arm64-gnu" "1.3.11"
    "@swc/core-linux-arm-gnueabihf" "1.3.11"
    "@swc/core-darwin-arm64" "1.3.11"
    "@swc/core-android-arm64" "1.3.11"
    "@swc/core-linux-arm64-musl" "1.3.11"
    "@swc/core-win32-arm64-msvc" "1.3.11"
    "@swc/core-android-arm-eabi" "1.3.11"

"@swc/core-android-arm-eabi@1.3.11":
  version "1.3.11"
  resolved "https://registry.npmjs.org/@swc/core-android-arm-eabi/-/core-android-arm-eabi-1.3.11.tgz"
  integrity sha512-LC9JlMcdFmTU94KKmQkJKaPSeVmYTfVm2rKGESMiFrgIjopXL/Zeg+XHA97ucnh5iUMkWIpXAMzSOaVRs33K5g==
  dependencies:
    "@swc/wasm" "1.2.122"

"@swc/core-android-arm64@1.3.11":
  version "1.3.11"
  resolved "https://registry.npmjs.org/@swc/core-android-arm64/-/core-android-arm64-1.3.11.tgz"
  integrity sha512-M7FamR3kFpVTyTw73FzKcOZmS7/TWHX75eqtwBTaU9fW4shf0KTLr/h9DnMxNKAnwUMeub/lqlINUe5EKFIKwQ==
  dependencies:
    "@swc/wasm" "1.2.130"

"@swc/core-darwin-arm64@1.3.11":
  version "1.3.11"
  resolved "https://registry.npmjs.org/@swc/core-darwin-arm64/-/core-darwin-arm64-1.3.11.tgz"
  integrity sha512-LOoiw3uQDuoKBLW3Mn8p6wIccpYjAoDI3ROdto4MksLQSraHMufXY8bqqncfVuy1750XZmC1qnU39RC3yihPfA==

"@swc/core-darwin-x64@1.3.11":
  version "1.3.11"
  resolved "https://registry.npmjs.org/@swc/core-darwin-x64/-/core-darwin-x64-1.3.11.tgz"
  integrity sha512-ycjrEbWmpU8MTDdVLdf76ClxQCSTfNqSoP59hieLzhmXpXUa7Oy4sN/v6WSQgp4I1euGs1Wp5kPU5hH5f7XBJQ==

"@swc/core-freebsd-x64@1.3.11":
  version "1.3.11"
  resolved "https://registry.npmjs.org/@swc/core-freebsd-x64/-/core-freebsd-x64-1.3.11.tgz"
  integrity sha512-02uqYktPp6WmZfZ2Crc/yIVOcgANtjo8ciHcT7yLHvz7v+S7gx1I2tyNGUFtTX5hcR2IFNGrL8Yj4DvpTABFHg==
  dependencies:
    "@swc/wasm" "1.2.130"

"@swc/core-linux-arm-gnueabihf@1.3.11":
  version "1.3.11"
  resolved "https://registry.npmjs.org/@swc/core-linux-arm-gnueabihf/-/core-linux-arm-gnueabihf-1.3.11.tgz"
  integrity sha512-nZ2T/gPFncsIiFGhVeVY9vRCTX0hTdqso8OEvFhSwRfRvcEYOpb/rhMG09are7YoB44GMiku5tSzEiNmvT3GuQ==
  dependencies:
    "@swc/wasm" "1.2.130"

"@swc/core-linux-arm64-gnu@1.3.11":
  version "1.3.11"
  resolved "https://registry.npmjs.org/@swc/core-linux-arm64-gnu/-/core-linux-arm64-gnu-1.3.11.tgz"
  integrity sha512-EWEd8NnGwhykEDFIet/r4Fcfr6805ecnBniHZWmG8UVYUp5tz7LYEMZesxCxa0+aGVpCmxHL5/Cdk1uEIrVIzg==

"@swc/core-linux-arm64-musl@1.3.11":
  version "1.3.11"
  resolved "https://registry.npmjs.org/@swc/core-linux-arm64-musl/-/core-linux-arm64-musl-1.3.11.tgz"
  integrity sha512-ms7CLj2+8sfTM2QnnwqDheYRky9rgPpX2hXmc0KltX+AiSAs7WURjn2JwXWkaICDzXL+djennfswxSspJ53knw==

"@swc/core-linux-x64-gnu@1.3.11":
  version "1.3.11"
  resolved "https://registry.npmjs.org/@swc/core-linux-x64-gnu/-/core-linux-x64-gnu-1.3.11.tgz"
  integrity sha512-Fq5/QEY0IbzpIrqlvQT59aMf+nLk//esL3Aj4nvZdsvF4iZaD2oHtXW+/MBi0i1HV9OBWApGZMygYNVS0uVZkQ==

"@swc/core-linux-x64-musl@1.3.11":
  version "1.3.11"
  resolved "https://registry.npmjs.org/@swc/core-linux-x64-musl/-/core-linux-x64-musl-1.3.11.tgz"
  integrity sha512-S/KoEgRHwGhs7VunHiz4jLrnFOJvqZe391j2MiYN1p2EThoGI3rvwcUoHkoxLCXVuDbi4E91qodOheaMGetWNA==

"@swc/core-win32-arm64-msvc@1.3.11":
  version "1.3.11"
  resolved "https://registry.npmjs.org/@swc/core-win32-arm64-msvc/-/core-win32-arm64-msvc-1.3.11.tgz"
  integrity sha512-fFby7KOQIxolR6w4Gie8MSkgQ3ee6j3r7A6PX4ekzu+509QsZogLPZnWFTJ8WFo7ui0tx/ocA5X8BV4ZNBVlKQ==
  dependencies:
    "@swc/wasm" "1.2.130"

"@swc/core-win32-ia32-msvc@1.3.11":
  version "1.3.11"
  resolved "https://registry.npmjs.org/@swc/core-win32-ia32-msvc/-/core-win32-ia32-msvc-1.3.11.tgz"
  integrity sha512-fii7Y33S9Z5oZ/BTsXa8Ou/RZ4T/ZsAOFpG7mMvifpdAP6LVWdhLoNy7SeeEHTEAWGcWNA/FslA6p2WETvEEfA==
  dependencies:
    "@swc/wasm" "1.2.130"

"@swc/core-win32-x64-msvc@1.3.11":
  version "1.3.11"
  resolved "https://registry.npmjs.org/@swc/core-win32-x64-msvc/-/core-win32-x64-msvc-1.3.11.tgz"
  integrity sha512-cDF4qBQLf3U0KypnLn3T1HtE12QmEplPGjWs2Xd/hzVkjsPixVR8XIgLlczsj7Pk7Of7VDnUDLIl52aIdgTm8w==

"@swc/wasm@1.2.122":
  version "1.2.122"
  resolved "https://registry.npmjs.org/@swc/wasm/-/wasm-1.2.122.tgz"
  integrity sha512-sM1VCWQxmNhFtdxME+8UXNyPNhxNu7zdb6ikWpz0YKAQQFRGT5ThZgJrubEpah335SUToNg8pkdDF7ibVCjxbQ==

"@swc/wasm@1.2.130":
  version "1.2.130"
  resolved "https://registry.npmjs.org/@swc/wasm/-/wasm-1.2.130.tgz"
  integrity sha512-rNcJsBxS70+pv8YUWwf5fRlWX6JoY/HJc25HD/F8m6Kv7XhJdqPPMhyX6TKkUBPAG7TWlZYoxa+rHAjPy4Cj3Q==

"@types/node@^18.11.4":
  version "18.11.7"
  resolved "https://registry.npmjs.org/@types/node/-/node-18.11.7.tgz"
  integrity sha512-LhFTglglr63mNXUSRYD8A+ZAIu5sFqNJ4Y2fPuY7UlrySJH87rRRlhtVmMHplmfk5WkoJGmDjE9oiTfyX94CpQ==

esbuild@^0.15.6, esbuild@^0.15.9:
  version "0.15.12"
  resolved "https://registry.npmjs.org/esbuild/-/esbuild-0.15.12.tgz"
  integrity sha512-PcT+/wyDqJQsRVhaE9uX/Oq4XLrFh0ce/bs2TJh4CSaw9xuvI+xFrH2nAYOADbhQjUgAhNWC5LKoUsakm4dxng==
  dependencies:
    "@esbuild/android-arm" "0.15.12"
    "@esbuild/linux-loong64" "0.15.12"
    esbuild-android-64 "0.15.12"
    esbuild-android-arm64 "0.15.12"
    esbuild-darwin-64 "0.15.12"
    esbuild-darwin-arm64 "0.15.12"
    esbuild-freebsd-64 "0.15.12"
    esbuild-freebsd-arm64 "0.15.12"
    esbuild-linux-32 "0.15.12"
    esbuild-linux-64 "0.15.12"
    esbuild-linux-arm "0.15.12"
    esbuild-linux-arm64 "0.15.12"
    esbuild-linux-mips64le "0.15.12"
    esbuild-linux-ppc64le "0.15.12"
    esbuild-linux-riscv64 "0.15.12"
    esbuild-linux-s390x "0.15.12"
    esbuild-netbsd-64 "0.15.12"
    esbuild-openbsd-64 "0.15.12"
    esbuild-sunos-64 "0.15.12"
    esbuild-windows-32 "0.15.12"
    esbuild-windows-64 "0.15.12"
    esbuild-windows-arm64 "0.15.12"

esbuild-android-64@0.15.12:
  version "0.15.12"
  resolved "https://registry.npmjs.org/esbuild-android-64/-/esbuild-android-64-0.15.12.tgz"
  integrity sha512-MJKXwvPY9g0rGps0+U65HlTsM1wUs9lbjt5CU19RESqycGFDRijMDQsh68MtbzkqWSRdEtiKS1mtPzKneaAI0Q==

esbuild-android-arm64@0.15.12:
  version "0.15.12"
  resolved "https://registry.npmjs.org/esbuild-android-arm64/-/esbuild-android-arm64-0.15.12.tgz"
  integrity sha512-Hc9SEcZbIMhhLcvhr1DH+lrrec9SFTiRzfJ7EGSBZiiw994gfkVV6vG0sLWqQQ6DD7V4+OggB+Hn0IRUdDUqvA==

esbuild-darwin-64@0.15.12:
  version "0.15.12"
  resolved "https://registry.npmjs.org/esbuild-darwin-64/-/esbuild-darwin-64-0.15.12.tgz"
  integrity sha512-qkmqrTVYPFiePt5qFjP8w/S+GIUMbt6k8qmiPraECUWfPptaPJUGkCKrWEfYFRWB7bY23FV95rhvPyh/KARP8Q==

esbuild-darwin-arm64@0.15.12:
  version "0.15.12"
  resolved "https://registry.npmjs.org/esbuild-darwin-arm64/-/esbuild-darwin-arm64-0.15.12.tgz"
  integrity sha512-z4zPX02tQ41kcXMyN3c/GfZpIjKoI/BzHrdKUwhC/Ki5BAhWv59A9M8H+iqaRbwpzYrYidTybBwiZAIWCLJAkw==

esbuild-freebsd-64@0.15.12:
  version "0.15.12"
  resolved "https://registry.npmjs.org/esbuild-freebsd-64/-/esbuild-freebsd-64-0.15.12.tgz"
  integrity sha512-XFL7gKMCKXLDiAiBjhLG0XECliXaRLTZh6hsyzqUqPUf/PY4C6EJDTKIeqqPKXaVJ8+fzNek88285krSz1QECw==

esbuild-freebsd-arm64@0.15.12:
  version "0.15.12"
  resolved "https://registry.npmjs.org/esbuild-freebsd-arm64/-/esbuild-freebsd-arm64-0.15.12.tgz"
  integrity sha512-jwEIu5UCUk6TjiG1X+KQnCGISI+ILnXzIzt9yDVrhjug2fkYzlLbl0K43q96Q3KB66v6N1UFF0r5Ks4Xo7i72g==

esbuild-linux-32@0.15.12:
  version "0.15.12"
  resolved "https://registry.npmjs.org/esbuild-linux-32/-/esbuild-linux-32-0.15.12.tgz"
  integrity sha512-uSQuSEyF1kVzGzuIr4XM+v7TPKxHjBnLcwv2yPyCz8riV8VUCnO/C4BF3w5dHiVpCd5Z1cebBtZJNlC4anWpwA==

esbuild-linux-64@0.15.12:
  version "0.15.12"
  resolved "https://registry.npmjs.org/esbuild-linux-64/-/esbuild-linux-64-0.15.12.tgz"
  integrity sha512-QcgCKb7zfJxqT9o5z9ZUeGH1k8N6iX1Y7VNsEi5F9+HzN1OIx7ESxtQXDN9jbeUSPiRH1n9cw6gFT3H4qbdvcA==

esbuild-linux-arm@0.15.12:
  version "0.15.12"
  resolved "https://registry.npmjs.org/esbuild-linux-arm/-/esbuild-linux-arm-0.15.12.tgz"
  integrity sha512-Wf7T0aNylGcLu7hBnzMvsTfEXdEdJY/hY3u36Vla21aY66xR0MS5I1Hw8nVquXjTN0A6fk/vnr32tkC/C2lb0A==

esbuild-linux-arm64@0.15.12:
  version "0.15.12"
  resolved "https://registry.npmjs.org/esbuild-linux-arm64/-/esbuild-linux-arm64-0.15.12.tgz"
  integrity sha512-HtNq5xm8fUpZKwWKS2/YGwSfTF+339L4aIA8yphNKYJckd5hVdhfdl6GM2P3HwLSCORS++++7++//ApEwXEuAQ==

esbuild-linux-mips64le@0.15.12:
  version "0.15.12"
  resolved "https://registry.npmjs.org/esbuild-linux-mips64le/-/esbuild-linux-mips64le-0.15.12.tgz"
  integrity sha512-Qol3+AvivngUZkTVFgLpb0H6DT+N5/zM3V1YgTkryPYFeUvuT5JFNDR3ZiS6LxhyF8EE+fiNtzwlPqMDqVcc6A==

esbuild-linux-ppc64le@0.15.12:
  version "0.15.12"
  resolved "https://registry.npmjs.org/esbuild-linux-ppc64le/-/esbuild-linux-ppc64le-0.15.12.tgz"
  integrity sha512-4D8qUCo+CFKaR0cGXtGyVsOI7w7k93Qxb3KFXWr75An0DHamYzq8lt7TNZKoOq/Gh8c40/aKaxvcZnTgQ0TJNg==

esbuild-linux-riscv64@0.15.12:
  version "0.15.12"
  resolved "https://registry.npmjs.org/esbuild-linux-riscv64/-/esbuild-linux-riscv64-0.15.12.tgz"
  integrity sha512-G9w6NcuuCI6TUUxe6ka0enjZHDnSVK8bO+1qDhMOCtl7Tr78CcZilJj8SGLN00zO5iIlwNRZKHjdMpfFgNn1VA==

esbuild-linux-s390x@0.15.12:
  version "0.15.12"
  resolved "https://registry.npmjs.org/esbuild-linux-s390x/-/esbuild-linux-s390x-0.15.12.tgz"
  integrity sha512-Lt6BDnuXbXeqSlVuuUM5z18GkJAZf3ERskGZbAWjrQoi9xbEIsj/hEzVnSAFLtkfLuy2DE4RwTcX02tZFunXww==

esbuild-netbsd-64@0.15.12:
  version "0.15.12"
  resolved "https://registry.npmjs.org/esbuild-netbsd-64/-/esbuild-netbsd-64-0.15.12.tgz"
  integrity sha512-jlUxCiHO1dsqoURZDQts+HK100o0hXfi4t54MNRMCAqKGAV33JCVvMplLAa2FwviSojT/5ZG5HUfG3gstwAG8w==

esbuild-openbsd-64@0.15.12:
  version "0.15.12"
  resolved "https://registry.npmjs.org/esbuild-openbsd-64/-/esbuild-openbsd-64-0.15.12.tgz"
  integrity sha512-1o1uAfRTMIWNOmpf8v7iudND0L6zRBYSH45sofCZywrcf7NcZA+c7aFsS1YryU+yN7aRppTqdUK1PgbZVaB1Dw==

esbuild-sunos-64@0.15.12:
  version "0.15.12"
  resolved "https://registry.npmjs.org/esbuild-sunos-64/-/esbuild-sunos-64-0.15.12.tgz"
  integrity sha512-nkl251DpoWoBO9Eq9aFdoIt2yYmp4I3kvQjba3jFKlMXuqQ9A4q+JaqdkCouG3DHgAGnzshzaGu6xofGcXyPXg==

esbuild-windows-32@0.15.12:
  version "0.15.12"
  resolved "https://registry.npmjs.org/esbuild-windows-32/-/esbuild-windows-32-0.15.12.tgz"
  integrity sha512-WlGeBZHgPC00O08luIp5B2SP4cNCp/PcS+3Pcg31kdcJPopHxLkdCXtadLU9J82LCfw4TVls21A6lilQ9mzHrw==

esbuild-windows-64@0.15.12:
  version "0.15.12"
  resolved "https://registry.npmjs.org/esbuild-windows-64/-/esbuild-windows-64-0.15.12.tgz"
  integrity sha512-VActO3WnWZSN//xjSfbiGOSyC+wkZtI8I4KlgrTo5oHJM6z3MZZBCuFaZHd8hzf/W9KPhF0lY8OqlmWC9HO5AA==

esbuild-windows-arm64@0.15.12:
  version "0.15.12"
  resolved "https://registry.npmjs.org/esbuild-windows-arm64/-/esbuild-windows-arm64-0.15.12.tgz"
  integrity sha512-Of3MIacva1OK/m4zCNIvBfz8VVROBmQT+gRX6pFTLPngFYcj6TFH/12VveAqq1k9VB2l28EoVMNMUCcmsfwyuA==

fsevents@~2.3.2:
  version "2.3.2"
  resolved ""
  integrity sha512-xiqMQR4xAeHTuB9uWm+fFRcIOgKBMiOBP+eXiyT7jsgVCq1bkVygt00oASowB7EdtpOHaaPgKt812P9ab+DDKA==

function-bind@^1.1.1:
  version "1.1.1"
  resolved ""
  integrity sha512-yIovAzMX49sF8Yl58fSCWJ5svSLuaibPxXQJFLmBObTuCr0Mf1KiPopGM9NiFjiYBCbfaa2Fh6breQ6ANVTI0A==

has@^1.0.3:
  version "1.0.3"
  resolved ""
  integrity sha512-f2dvO0VU6Oej7RkWJGrehjbzMAjFp5/VKPp5tTpWIV4JHHZK1/BxbFRtf/siA2SWTe09caDmVtYYzWEIbBS4zw==
  dependencies:
    function-bind "^1.1.1"

is-core-module@^2.9.0:
  version "2.11.0"
  resolved "https://registry.npmjs.org/is-core-module/-/is-core-module-2.11.0.tgz"
  integrity sha512-RRjxlvLDkD1YJwDbroBHMb+cukurkDWNyHx7D3oNB5x9rb5ogcksMC5wHCadcXoo67gVr/+3GFySh3134zi6rw==
  dependencies:
    has "^1.0.3"

nanoid@^3.3.4:
  version "3.3.4"
  resolved ""
  integrity sha512-MqBkQh/OHTS2egovRtLk45wEyNXwF+cokD+1YPf9u5VfJiRdAiRwB2froX5Co9Rh20xs4siNPm8naNotSD6RBw==

path-parse@^1.0.7:
  version "1.0.7"
  resolved ""
  integrity sha512-LDJzPVEEEPR+y48z93A0Ed0yXb8pAByGWo/k5YYdYgpY2/2EsOsksJrq7lOHxryrVOn1ejG6oAp8ahvOIQD8sw==

picocolors@^1.0.0:
  version "1.0.0"
  resolved ""
  integrity sha512-1fygroTLlHu66zi26VoTDv8yRgm0Fccecssto+MhsZ0D/DGW2sm8E8AjW7NU5VVTRt5GxbeZ5qBuJr+HyLYkjQ==

postcss@^8.4.18:
  version "8.4.18"
  resolved "https://registry.npmjs.org/postcss/-/postcss-8.4.18.tgz"
  integrity sha512-Wi8mWhncLJm11GATDaQKobXSNEYGUHeQLiQqDFG1qQ5UTDPTEvKw0Xt5NsTpktGTwLps3ByrWsBrG0rB8YQ9oA==
  dependencies:
    nanoid "^3.3.4"
    picocolors "^1.0.0"
    source-map-js "^1.0.2"

prettier@^2.7.1:
  version "2.7.1"
  resolved "https://registry.npmjs.org/prettier/-/prettier-2.7.1.tgz"
  integrity sha512-ujppO+MkdPqoVINuDFDRLClm7D78qbDt0/NR+wp5FqEZOoTNAjPHWj17QRhu7geIHJfcNhRk1XVQmF8Bp3ye+g==

resolve@^1.22.1:
  version "1.22.1"
  resolved ""
  integrity sha512-nBpuuYuY5jFsli/JIs1oldw6fOQCBioohqWZg/2hiaOybXOft4lonv85uDOKXdf8rhyK159cxU5cDcK/NKk8zw==
  dependencies:
    is-core-module "^2.9.0"
    path-parse "^1.0.7"
    supports-preserve-symlinks-flag "^1.0.0"

rollup@^2.79.1:
  version "2.79.1"
  resolved "https://registry.npmjs.org/rollup/-/rollup-2.79.1.tgz"
  integrity sha512-uKxbd0IhMZOhjAiD5oAFp7BqvkA4Dv47qpOCtaNvng4HBwdbWtdOh8f5nZNuk2rp51PMGk3bzfWu5oayNEuYnw==
  dependencies:
    fsevents "~2.3.2"

source-map-js@^1.0.2:
  version "1.0.2"
  resolved ""
  integrity sha512-R0XvVJ9WusLiqTCEiGCmICCMplcCkIwwR11mOSD9CR5u+IXYdiseeEuXCVAjS54zqwkLcPNnmU4OeJ6tUrWhDw==

supports-preserve-symlinks-flag@^1.0.0:
  version "1.0.0"
  resolved ""
  integrity sha512-ot0WnXS9fgdkgIcePe6RHNk1WA8+muPa6cSjeR3V8K27q9BB1rTE3R1p7Hv0z1ZyAc8s6Vvv8DIyWf681MAt0w==

typescript@^4.8.4:
  version "4.8.4"
  resolved "https://registry.npmjs.org/typescript/-/typescript-4.8.4.tgz"
  integrity sha512-QCh+85mCy+h0IGff8r5XWzOVSbBO+KfeYrMQh7NJ58QujwcE22u+NUSmUxqF+un70P9GXKxa2HCNiTTMJknyjQ==

vite@^3.2.1:
  version "3.2.1"
  resolved "https://registry.npmjs.org/vite/-/vite-3.2.1.tgz"
  integrity sha512-ADtMkfHuWq4tskJsri2n2FZkORO8ZyhI+zIz7zTrDAgDEtct1jdxOg3YsZBfHhKjmMoWLOSCr+64qrEDGo/DbQ==
  dependencies:
    esbuild "^0.15.9"
    postcss "^8.4.18"
    resolve "^1.22.1"
    rollup "^2.79.1"
    fsevents "~2.3.2"
